
Microsoft Visual Studio Solution File, Format Version 12.00
# Visual Studio Version 17
VisualStudioVersion = 17.6.33801.468
MinimumVisualStudioVersion = 10.0.40219.1
Project("{FAE04EC0-301F-11D3-BF4B-00C04F79EFBC}") = "Aplicacion2.Android", "Aplicacion2\Aplicacion2.Android\Aplicacion2.Android.csproj", "{FAAB51D0-615B-4B93-8F25-A9E99E12036D}"
EndProject
Project("{FAE04EC0-301F-11D3-BF4B-00C04F79EFBC}") = "Aplicacion2.iOS", "Aplicacion2\Aplicacion2.iOS\Aplicacion2.iOS.csproj", "{F9D1BF2B-6B3E-4F61-BB1E-A6EC6A9327F7}"
EndProject
Project("{FAE04EC0-301F-11D3-BF4B-00C04F79EFBC}") = "Aplicacion2", "Aplicacion2\Aplicacion2\Aplicacion2.csproj", "{50C46026-AC2B-49AB-BEA1-ED5F51D46F79}"
EndProject
Global
	GlobalSection(SolutionConfigurationPlatforms) = preSolution
		Debug|Any CPU = Debug|Any CPU
		Debug|iPhone = Debug|iPhone
		Debug|iPhoneSimulator = Debug|iPhoneSimulator
		Release|Any CPU = Release|Any CPU
		Release|iPhone = Release|iPhone
		Release|iPhoneSimulator = Release|iPhoneSimulator
	EndGlobalSection
	GlobalSection(ProjectConfigurationPlatforms) = postSolution
		{FAAB51D0-615B-4B93-8F25-A9E99E12036D}.Debug|Any CPU.ActiveCfg = Debug|Any CPU
		{FAAB51D0-615B-4B93-8F25-A9E99E12036D}.Debug|Any CPU.Build.0 = Debug|Any CPU
		{FAAB51D0-615B-4B93-8F25-A9E99E12036D}.Debug|Any CPU.Deploy.0 = Debug|Any CPU
		{FAAB51D0-615B-4B93-8F25-A9E99E12036D}.Debug|iPhone.ActiveCfg = Debug|Any CPU
		{FAAB51D0-615B-4B93-8F25-A9E99E12036D}.Debug|iPhone.Build.0 = Debug|Any CPU
		{FAAB51D0-615B-4B93-8F25-A9E99E12036D}.Debug|iPhone.Deploy.0 = Debug|Any CPU
		{FAAB51D0-615B-4B93-8F25-A9E99E12036D}.Debug|iPhoneSimulator.ActiveCfg = Debug|Any CPU
		{FAAB51D0-615B-4B93-8F25-A9E99E12036D}.Debug|iPhoneSimulator.Build.0 = Debug|Any CPU
		{FAAB51D0-615B-4B93-8F25-A9E99E12036D}.Debug|iPhoneSimulator.Deploy.0 = Debug|Any CPU
		{FAAB51D0-615B-4B93-8F25-A9E99E12036D}.Release|Any CPU.ActiveCfg = Release|Any CPU
		{FAAB51D0-615B-4B93-8F25-A9E99E12036D}.Release|Any CPU.Build.0 = Release|Any CPU
		{FAAB51D0-615B-4B93-8F25-A9E99E12036D}.Release|Any CPU.Deploy.0 = Release|Any CPU
		{FAAB51D0-615B-4B93-8F25-A9E99E12036D}.Release|iPhone.ActiveCfg = Release|Any CPU
		{FAAB51D0-615B-4B93-8F25-A9E99E12036D}.Release|iPhone.Build.0 = Release|Any CPU
		{FAAB51D0-615B-4B93-8F25-A9E99E12036D}.Release|iPhone.Deploy.0 = Release|Any CPU
		{FAAB51D0-615B-4B93-8F25-A9E99E12036D}.Release|iPhoneSimulator.ActiveCfg = Release|Any CPU
		{FAAB51D0-615B-4B93-8F25-A9E99E12036D}.Release|iPhoneSimulator.Build.0 = Release|Any CPU
		{FAAB51D0-615B-4B93-8F25-A9E99E12036D}.Release|iPhoneSimulator.Deploy.0 = Release|Any CPU
		{F9D1BF2B-6B3E-4F61-BB1E-A6EC6A9327F7}.Debug|Any CPU.ActiveCfg = Debug|iPhone
		{F9D1BF2B-6B3E-4F61-BB1E-A6EC6A9327F7}.Debug|Any CPU.Build.0 = Debug|iPhone
		{F9D1BF2B-6B3E-4F61-BB1E-A6EC6A9327F7}.Debug|Any CPU.Deploy.0 = Debug|iPhone
		{F9D1BF2B-6B3E-4F61-BB1E-A6EC6A9327F7}.Debug|iPhone.ActiveCfg = Debug|iPhone
		{F9D1BF2B-6B3E-4F61-BB1E-A6EC6A9327F7}.Debug|iPhone.Build.0 = Debug|iPhone
		{F9D1BF2B-6B3E-4F61-BB1E-A6EC6A9327F7}.Debug|iPhone.Deploy.0 = Debug|iPhone
		{F9D1BF2B-6B3E-4F61-BB1E-A6EC6A9327F7}.Debug|iPhoneSimulator.ActiveCfg = Debug|iPhoneSimulator
		{F9D1BF2B-6B3E-4F61-BB1E-A6EC6A9327F7}.Debug|iPhoneSimulator.Build.0 = Debug|iPhoneSimulator
		{F9D1BF2B-6B3E-4F61-BB1E-A6EC6A9327F7}.Debug|iPhoneSimulator.Deploy.0 = Debug|iPhoneSimulator
		{F9D1BF2B-6B3E-4F61-BB1E-A6EC6A9327F7}.Release|Any CPU.ActiveCfg = Release|iPhoneSimulator
		{F9D1BF2B-6B3E-4F61-BB1E-A6EC6A9327F7}.Release|Any CPU.Build.0 = Release|iPhoneSimulator
		{F9D1BF2B-6B3E-4F61-BB1E-A6EC6A9327F7}.Release|Any CPU.Deploy.0 = Release|iPhoneSimulator
		{F9D1BF2B-6B3E-4F61-BB1E-A6EC6A9327F7}.Release|iPhone.ActiveCfg = Release|iPhone
		{F9D1BF2B-6B3E-4F61-BB1E-A6EC6A9327F7}.Release|iPhone.Build.0 = Release|iPhone
		{F9D1BF2B-6B3E-4F61-BB1E-A6EC6A9327F7}.Release|iPhone.Deploy.0 = Release|iPhone
		{F9D1BF2B-6B3E-4F61-BB1E-A6EC6A9327F7}.Release|iPhoneSimulator.ActiveCfg = Release|iPhoneSimulator
		{F9D1BF2B-6B3E-4F61-BB1E-A6EC6A9327F7}.Release|iPhoneSimulator.Build.0 = Release|iPhoneSimulator
		{F9D1BF2B-6B3E-4F61-BB1E-A6EC6A9327F7}.Release|iPhoneSimulator.Deploy.0 = Release|iPhoneSimulator
		{50C46026-AC2B-49AB-BEA1-ED5F51D46F79}.Debug|Any CPU.ActiveCfg = Debug|Any CPU
		{50C46026-AC2B-49AB-BEA1-ED5F51D46F79}.Debug|Any CPU.Build.0 = Debug|Any CPU
		{50C46026-AC2B-49AB-BEA1-ED5F51D46F79}.Debug|Any CPU.Deploy.0 = Debug|Any CPU
		{50C46026-AC2B-49AB-BEA1-ED5F51D46F79}.Debug|iPhone.ActiveCfg = Debug|Any CPU
		{50C46026-AC2B-49AB-BEA1-ED5F51D46F79}.Debug|iPhone.Build.0 = Debug|Any CPU
		{50C46026-AC2B-49AB-BEA1-ED5F51D46F79}.Debug|iPhone.Deploy.0 = Debug|Any CPU
		{50C46026-AC2B-49AB-BEA1-ED5F51D46F79}.Debug|iPhoneSimulator.ActiveCfg = Debug|Any CPU
		{50C46026-AC2B-49AB-BEA1-ED5F51D46F79}.Debug|iPhoneSimulator.Build.0 = Debug|Any CPU
		{50C46026-AC2B-49AB-BEA1-ED5F51D46F79}.Debug|iPhoneSimulator.Deploy.0 = Debug|Any CPU
		{50C46026-AC2B-49AB-BEA1-ED5F51D46F79}.Release|Any CPU.ActiveCfg = Release|Any CPU
		{50C46026-AC2B-49AB-BEA1-ED5F51D46F79}.Release|Any CPU.Build.0 = Release|Any CPU
		{50C46026-AC2B-49AB-BEA1-ED5F51D46F79}.Release|Any CPU.Deploy.0 = Release|Any CPU
		{50C46026-AC2B-49AB-BEA1-ED5F51D46F79}.Release|iPhone.ActiveCfg = Release|Any CPU
		{50C46026-AC2B-49AB-BEA1-ED5F51D46F79}.Release|iPhone.Build.0 = Release|Any CPU
		{50C46026-AC2B-49AB-BEA1-ED5F51D46F79}.Release|iPhone.Deploy.0 = Release|Any CPU
		{50C46026-AC2B-49AB-BEA1-ED5F51D46F79}.Release|iPhoneSimulator.ActiveCfg = Release|Any CPU
		{50C46026-AC2B-49AB-BEA1-ED5F51D46F79}.Release|iPhoneSimulator.Build.0 = Release|Any CPU
		{50C46026-AC2B-49AB-BEA1-ED5F51D46F79}.Release|iPhoneSimulator.Deploy.0 = Release|Any CPU
	EndGlobalSection
	GlobalSection(SolutionProperties) = preSolution
		HideSolutionNode = FALSE
	EndGlobalSection
	GlobalSection(ExtensibilityGlobals) = postSolution
		SolutionGuid = {A32A79C9-6402-4698-A0F7-D0D79B3BDA8C}
	EndGlobalSection
EndGlobal
